schema = "gamma-lock"
version = 1
status = "provenance-only"

[package]
name = "curl"
version = "0.0.0"
release = 0

[source]
repository = "https://github.com/NorxTeam/curl.git"
upstream_repository = "https://github.com/curl/curl.git"
upstream_tag = "none"
upstream_commit = "1cf6be5a0b4a1db8c501dcda8ac98e09970fd372"
fork_commit = "b9d46e14c39de745423add4dd6f9146969c14e68"
patch_series = "patches/series"
patch_series_sha256 = "7b99a24deb7884822c9dc2194f58eeec3303bc01ddc6e8506b0a80d506a02801"

[provenance]
document = "UPSTREAM.md"
document_sha256 = "bc98ebb857cfba7e0ba3a8cc00b9da31a47960c372cb62c4bab9d820eb480ab6"
license_spdx = "LicenseRef-curl"
trademark_review = "COPYING advertising/name restriction recorded in UPSTREAM.md"
build_options_sha256 = ""
generated_manifest = "not-generated"
generated_manifest_sha256 = ""

[provenance.license_files]
"COPYING" = "2eb469aebc37f20dda0960d9a5b03bfb8c0bb8a9d3fa5be0a356aa02fd0a8673"
"LICENSES/curl.txt" = "ff07e4b495993cdd714f01607151ef98d20ce71f237de671679ce78ce8146607"
"LICENSES/ISC.txt" = "7052c69becab1e8487729cdfd95e22578550e767a5dc7e34e35c6a447d111ed8"
"LICENSES/BSD-4-Clause-UC.txt" = "cc97842462ef81e2ac1a2c2e2aa83ba78b85001c02685337a16e809c3f089f69"

[artifacts]
target_status = "not-selected"
hash_algorithm = "SHA-256"
hashes = []
